// !$*UTF8*$!
{
	archiveVersion = 1;
	classes = {
	};
	objectVersion = 51;
	objects = {

/* Begin PBXBuildFile section */
		2E11B0B83A89D5320C2B480F /* Pods_parstagramTests.framework in Frameworks */ = {isa = PBXBuildFile; fileRef = 832D8AE0BC14F3CEA8A7981B /* Pods_parstagramTests.framework */; };
		7BBB2753DACF476A157E400D /* Pods_parstagram.framework in Frameworks */ = {isa = PBXBuildFile; fileRef = 6B99A3ADBA08E6CA6D71D59E /* Pods_parstagram.framework */; };
		B9378C81039BDC2888F21455 /* Pods_parstagram_parstagramUITests.framework in Frameworks */ = {isa = PBXBuildFile; fileRef = 3A1690C2F6696ED68D2C46E3 /* Pods_parstagram_parstagramUITests.framework */; };
		DCC7FE312535069B006B8033 /* AppDelegate.swift in Sources */ = {isa = PBXBuildFile; fileRef = DCC7FE302535069B006B8033 /* AppDelegate.swift */; };
		DCC7FE332535069B006B8033 /* SceneDelegate.swift in Sources */ = {isa = PBXBuildFile; fileRef = DCC7FE322535069B006B8033 /* SceneDelegate.swift */; };
		DCC7FE382535069B006B8033 /* Main.storyboard in Resources */ = {isa = PBXBuildFile; fileRef = DCC7FE362535069B006B8033 /* Main.storyboard */; };
		DCC7FE3A253506A1006B8033 /* Assets.xcassets in Resources */ = {isa = PBXBuildFile; fileRef = DCC7FE39253506A1006B8033 /* Assets.xcassets */; };
		DCC7FE3D253506A1006B8033 /* LaunchScreen.storyboard in Resources */ = {isa = PBXBuildFile; fileRef = DCC7FE3B253506A1006B8033 /* LaunchScreen.storyboard */; };
		DCC7FE48253506A2006B8033 /* parstagramTests.swift in Sources */ = {isa = PBXBuildFile; fileRef = DCC7FE47253506A2006B8033 /* parstagramTests.swift */; };
		DCC7FE53253506A3006B8033 /* parstagramUITests.swift in Sources */ = {isa = PBXBuildFile; fileRef = DCC7FE52253506A3006B8033 /* parstagramUITests.swift */; };
		DCC7FE6D25350C96006B8033 /* LoginViewController.swift in Sources */ = {isa = PBXBuildFile; fileRef = DCC7FE6C25350C96006B8033 /* LoginViewController.swift */; };
		DCC7FE7525350CA5006B8033 /* FeedViewController.swift in Sources */ = {isa = PBXBuildFile; fileRef = DCC7FE7425350CA5006B8033 /* FeedViewController.swift */; };
		DCC7FE7A2535540C006B8033 /* CameraViewController.swift in Sources */ = {isa = PBXBuildFile; fileRef = DCC7FE792535540C006B8033 /* CameraViewController.swift */; };
/* End PBXBuildFile section */

/* Begin PBXContainerItemProxy section */
		DCC7FE44253506A2006B8033 /* PBXContainerItemProxy */ = {
			isa = PBXContainerItemProxy;
			containerPortal = DCC7FE252535069B006B8033 /* Project object */;
			proxyType = 1;
			remoteGlobalIDString = DCC7FE2C2535069B006B8033;
			remoteInfo = parstagram;
		};
		DCC7FE4F253506A3006B8033 /* PBXContainerItemProxy */ = {
			isa = PBXContainerItemProxy;
			containerPortal = DCC7FE252535069B006B8033 /* Project object */;
			proxyType = 1;
			remoteGlobalIDString = DCC7FE2C2535069B006B8033;
			remoteInfo = parstagram;
		};
/* End PBXContainerItemProxy section */

/* Begin PBXFileReference section */
		3534F7010F966564E943DF6F /* Pods-parstagram-parstagramUITests.debug.xcconfig */ = {isa = PBXFileReference; includeInIndex = 1; lastKnownFileType = text.xcconfig; name = "Pods-parstagram-parstagramUITests.debug.xcconfig"; path = "Target Support Files/Pods-parstagram-parstagramUITests/Pods-parstagram-parstagramUITests.debug.xcconfig"; sourceTree = "<group>"; };
		3A1690C2F6696ED68D2C46E3 /* Pods_parstagram_parstagramUITests.framework */ = {isa = PBXFileReference; explicitFileType = wrapper.framework; includeInIndex = 0; path = Pods_parstagram_parstagramUITests.framework; sourceTree = BUILT_PRODUCTS_DIR; };
		475D1A2EAC23F05F0A077A1B /* Pods-parstagramTests.release.xcconfig */ = {isa = PBXFileReference; includeInIndex = 1; lastKnownFileType = text.xcconfig; name = "Pods-parstagramTests.release.xcconfig"; path = "Target Support Files/Pods-parstagramTests/Pods-parstagramTests.release.xcconfig"; sourceTree = "<group>"; };
		6554A8477A9885BF37B7EB25 /* Pods-parstagram.release.xcconfig */ = {isa = PBXFileReference; includeInIndex = 1; lastKnownFileType = text.xcconfig; name = "Pods-parstagram.release.xcconfig"; path = "Target Support Files/Pods-parstagram/Pods-parstagram.release.xcconfig"; sourceTree = "<group>"; };
		6B99A3ADBA08E6CA6D71D59E /* Pods_parstagram.framework */ = {isa = PBXFileReference; explicitFileType = wrapper.framework; includeInIndex = 0; path = Pods_parstagram.framework; sourceTree = BUILT_PRODUCTS_DIR; };
		832D8AE0BC14F3CEA8A7981B /* Pods_parstagramTests.framework */ = {isa = PBXFileReference; explicitFileType = wrapper.framework; includeInIndex = 0; path = Pods_parstagramTests.framework; sourceTree = BUILT_PRODUCTS_DIR; };
		DCC7FE2D2535069B006B8033 /* parstagram.app */ = {isa = PBXFileReference; explicitFileType = wrapper.application; includeInIndex = 0; path = parstagram.app; sourceTree = BUILT_PRODUCTS_DIR; };
		DCC7FE302535069B006B8033 /* AppDelegate.swift */ = {isa = PBXFileReference; lastKnownFileType = sourcecode.swift; path = AppDelegate.swift; sourceTree = "<group>"; };
		DCC7FE322535069B006B8033 /* SceneDelegate.swift */ = {isa = PBXFileReference; lastKnownFileType = sourcecode.swift; path = SceneDelegate.swift; sourceTree = "<group>"; };
		DCC7FE372535069B006B8033 /* Base */ = {isa = PBXFileReference; lastKnownFileType = file.storyboard; name = Base; path = Base.lproj/Main.storyboard; sourceTree = "<group>"; };
		DCC7FE39253506A1006B8033 /* Assets.xcassets */ = {isa = PBXFileReference; lastKnownFileType = folder.assetcatalog; path = Assets.xcassets; sourceTree = "<group>"; };
		DCC7FE3C253506A1006B8033 /* Base */ = {isa = PBXFileReference; lastKnownFileType = file.storyboard; name = Base; path = Base.lproj/LaunchScreen.storyboard; sourceTree = "<group>"; };
		DCC7FE3E253506A1006B8033 /* Info.plist */ = {isa = PBXFileReference; lastKnownFileType = text.plist.xml; path = Info.plist; sourceTree = "<group>"; };
		DCC7FE43253506A2006B8033 /* parstagramTests.xctest */ = {isa = PBXFileReference; explicitFileType = wrapper.cfbundle; includeInIndex = 0; path = parstagramTests.xctest; sourceTree = BUILT_PRODUCTS_DIR; };
		DCC7FE47253506A2006B8033 /* parstagramTests.swift */ = {isa = PBXFileReference; lastKnownFileType = sourcecode.swift; path = parstagramTests.swift; sourceTree = "<group>"; };
		DCC7FE49253506A3006B8033 /* Info.plist */ = {isa = PBXFileReference; lastKnownFileType = text.plist.xml; path = Info.plist; sourceTree = "<group>"; };
		DCC7FE4E253506A3006B8033 /* parstagramUITests.xctest */ = {isa = PBXFileReference; explicitFileType = wrapper.cfbundle; includeInIndex = 0; path = parstagramUITests.xctest; sourceTree = BUILT_PRODUCTS_DIR; };
		DCC7FE52253506A3006B8033 /* parstagramUITests.swift */ = {isa = PBXFileReference; lastKnownFileType = sourcecode.swift; path = parstagramUITests.swift; sourceTree = "<group>"; };
		DCC7FE54253506A3006B8033 /* Info.plist */ = {isa = PBXFileReference; lastKnownFileType = text.plist.xml; path = Info.plist; sourceTree = "<group>"; };
		DCC7FE6C25350C96006B8033 /* LoginViewController.swift */ = {isa = PBXFileReference; lastKnownFileType = sourcecode.swift; path = LoginViewController.swift; sourceTree = "<group>"; };
		DCC7FE7425350CA5006B8033 /* FeedViewController.swift */ = {isa = PBXFileReference; lastKnownFileType = sourcecode.swift; path = FeedViewController.swift; sourceTree = "<group>"; };
		DCC7FE792535540C006B8033 /* CameraViewController.swift */ = {isa = PBXFileReference; lastKnownFileType = sourcecode.swift; path = CameraViewController.swift; sourceTree = "<group>"; };
		E3F0418722BD85F4EDC8DC63 /* Pods-parstagram-parstagramUITests.release.xcconfig */ = {isa = PBXFileReference; includeInIndex = 1; lastKnownFileType = text.xcconfig; name = "Pods-parstagram-parstagramUITests.release.xcconfig"; path = "Target Support Files/Pods-parstagram-parstagramUITests/Pods-parstagram-parstagramUITests.release.xcconfig"; sourceTree = "<group>"; };
		E5BC7CCEC203676A5984C14A /* Pods-parstagram.debug.xcconfig */ = {isa = PBXFileReference; includeInIndex = 1; lastKnownFileType = text.xcconfig; name = "Pods-parstagram.debug.xcconfig"; path = "Target Support Files/Pods-parstagram/Pods-parstagram.debug.xcconfig"; sourceTree = "<group>"; };
		F3D88BCBB596CCAAC461AB0B /* Pods-parstagramTests.debug.xcconfig */ = {isa = PBXFileReference; includeInIndex = 1; lastKnownFileType = text.xcconfig; name = "Pods-parstagramTests.debug.xcconfig"; path = "Target Support Files/Pods-parstagramTests/Pods-parstagramTests.debug.xcconfig"; sourceTree = "<group>"; };
/* End PBXFileReference section */

/* Begin PBXFrameworksBuildPhase section */
		DCC7FE2A2535069B006B8033 /* Frameworks */ = {
			isa = PBXFrameworksBuildPhase;
			buildActionMask = 2147483647;
			files = (
				7BBB2753DACF476A157E400D /* Pods_parstagram.framework in Frameworks */,
			);
			runOnlyForDeploymentPostprocessing = 0;
		};
		DCC7FE40253506A2006B8033 /* Frameworks */ = {
			isa = PBXFrameworksBuildPhase;
			buildActionMask = 2147483647;
			files = (
				2E11B0B83A89D5320C2B480F /* Pods_parstagramTests.framework in Frameworks */,
			);
			runOnlyForDeploymentPostprocessing = 0;
		};
		DCC7FE4B253506A3006B8033 /* Frameworks */ = {
			isa = PBXFrameworksBuildPhase;
			buildActionMask = 2147483647;
			files = (
				B9378C81039BDC2888F21455 /* Pods_parstagram_parstagramUITests.framework in Frameworks */,
			);
			runOnlyForDeploymentPostprocessing = 0;
		};
/* End PBXFrameworksBuildPhase section */

/* Begin PBXGroup section */
		019090EDEF7426AE9DBC76DF /* Pods */ = {
			isa = PBXGroup;
			children = (
				E5BC7CCEC203676A5984C14A /* Pods-parstagram.debug.xcconfig */,
				6554A8477A9885BF37B7EB25 /* Pods-parstagram.release.xcconfig */,
				3534F7010F966564E943DF6F /* Pods-parstagram-parstagramUITests.debug.xcconfig */,
				E3F0418722BD85F4EDC8DC63 /* Pods-parstagram-parstagramUITests.release.xcconfig */,
				F3D88BCBB596CCAAC461AB0B /* Pods-parstagramTests.debug.xcconfig */,
				475D1A2EAC23F05F0A077A1B /* Pods-parstagramTests.release.xcconfig */,
			);
			path = Pods;
			sourceTree = "<group>";
		};
		17D1379DA2DF5FBFACF24343 /* Frameworks */ = {
			isa = PBXGroup;
			children = (
				6B99A3ADBA08E6CA6D71D59E /* Pods_parstagram.framework */,
				3A1690C2F6696ED68D2C46E3 /* Pods_parstagram_parstagramUITests.framework */,
				832D8AE0BC14F3CEA8A7981B /* Pods_parstagramTests.framework */,
			);
			name = Frameworks;
			sourceTree = "<group>";
		};
		DCC7FE242535069B006B8033 = {
			isa = PBXGroup;
			children = (
				DCC7FE2F2535069B006B8033 /* parstagram */,
				DCC7FE46253506A2006B8033 /* parstagramTests */,
				DCC7FE51253506A3006B8033 /* parstagramUITests */,
				DCC7FE2E2535069B006B8033 /* Products */,
				019090EDEF7426AE9DBC76DF /* Pods */,
				17D1379DA2DF5FBFACF24343 /* Frameworks */,
			);
			sourceTree = "<group>";
		};
		DCC7FE2E2535069B006B8033 /* Products */ = {
			isa = PBXGroup;
			children = (
				DCC7FE2D2535069B006B8033 /* parstagram.app */,
				DCC7FE43253506A2006B8033 /* parstagramTests.xctest */,
				DCC7FE4E253506A3006B8033 /* parstagramUITests.xctest */,
			);
			name = Products;
			sourceTree = "<group>";
		};
		DCC7FE2F2535069B006B8033 /* parstagram */ = {
			isa = PBXGroup;
			children = (
				DCC7FE302535069B006B8033 /* AppDelegate.swift */,
				DCC7FE322535069B006B8033 /* SceneDelegate.swift */,
				DCC7FE362535069B006B8033 /* Main.storyboard */,
				DCC7FE39253506A1006B8033 /* Assets.xcassets */,
				DCC7FE3B253506A1006B8033 /* LaunchScreen.storyboard */,
				DCC7FE3E253506A1006B8033 /* Info.plist */,
				DCC7FE6C25350C96006B8033 /* LoginViewController.swift */,
				DCC7FE7425350CA5006B8033 /* FeedViewController.swift */,
				DCC7FE792535540C006B8033 /* CameraViewController.swift */,
			);
			path = parstagram;
			sourceTree = "<group>";
		};
		DCC7FE46253506A2006B8033 /* parstagramTests */ = {
			isa = PBXGroup;
			children = (
				DCC7FE47253506A2006B8033 /* parstagramTests.swift */,
				DCC7FE49253506A3006B8033 /* Info.plist */,
			);
			path = parstagramTests;
			sourceTree = "<group>";
		};
		DCC7FE51253506A3006B8033 /* parstagramUITests */ = {
			isa = PBXGroup;
			children = (
				DCC7FE52253506A3006B8033 /* parstagramUITests.swift */,
				DCC7FE54253506A3006B8033 /* Info.plist */,
			);
			path = parstagramUITests;
			sourceTree = "<group>";
		};
/* End PBXGroup section */

/* Begin PBXNativeTarget section */
		DCC7FE2C2535069B006B8033 /* parstagram */ = {
			isa = PBXNativeTarget;
			buildConfigurationList = DCC7FE57253506A3006B8033 /* Build configuration list for PBXNativeTarget "parstagram" */;
			buildPhases = (
				31ECD5C16B914FFC29D348F4 /* [CP] Check Pods Manifest.lock */,
				DCC7FE292535069B006B8033 /* Sources */,
				DCC7FE2A2535069B006B8033 /* Frameworks */,
				DCC7FE2B2535069B006B8033 /* Resources */,
				13C2C2852CD82BE758D03BB3 /* [CP] Embed Pods Frameworks */,
			);
			buildRules = (
			);
			dependencies = (
			);
			name = parstagram;
			productName = parstagram;
			productReference = DCC7FE2D2535069B006B8033 /* parstagram.app */;
			productType = "com.apple.product-type.application";
		};
		DCC7FE42253506A2006B8033 /* parstagramTests */ = {
			isa = PBXNativeTarget;
			buildConfigurationList = DCC7FE5A253506A3006B8033 /* Build configuration list for PBXNativeTarget "parstagramTests" */;
			buildPhases = (
				A926B0FBCEB9F8EC2CF25C71 /* [CP] Check Pods Manifest.lock */,
				DCC7FE3F253506A2006B8033 /* Sources */,
				DCC7FE40253506A2006B8033 /* Frameworks */,
				DCC7FE41253506A2006B8033 /* Resources */,
			);
			buildRules = (
			);
			dependencies = (
				DCC7FE45253506A2006B8033 /* PBXTargetDependency */,
			);
			name = parstagramTests;
			productName = parstagramTests;
			productReference = DCC7FE43253506A2006B8033 /* parstagramTests.xctest */;
			productType = "com.apple.product-type.bundle.unit-test";
		};
		DCC7FE4D253506A3006B8033 /* parstagramUITests */ = {
			isa = PBXNativeTarget;
			buildConfigurationList = DCC7FE5D253506A3006B8033 /* Build configuration list for PBXNativeTarget "parstagramUITests" */;
			buildPhases = (
				279B0101AB9FC41840C28FBC /* [CP] Check Pods Manifest.lock */,
				DCC7FE4A253506A3006B8033 /* Sources */,
				DCC7FE4B253506A3006B8033 /* Frameworks */,
				DCC7FE4C253506A3006B8033 /* Resources */,
				AF24C7ACA52C2241CF5C171B /* [CP] Embed Pods Frameworks */,
			);
			buildRules = (
			);
			dependencies = (
				DCC7FE50253506A3006B8033 /* PBXTargetDependency */,
			);
			name = parstagramUITests;
			productName = parstagramUITests;
			productReference = DCC7FE4E253506A3006B8033 /* parstagramUITests.xctest */;
			productType = "com.apple.product-type.bundle.ui-testing";
		};
/* End PBXNativeTarget section */

/* Begin PBXProject section */
		DCC7FE252535069B006B8033 /* Project object */ = {
			isa = PBXProject;
			attributes = {
				LastSwiftUpdateCheck = 1200;
				LastUpgradeCheck = 1200;
				TargetAttributes = {
					DCC7FE2C2535069B006B8033 = {
						CreatedOnToolsVersion = 12.0.1;
					};
					DCC7FE42253506A2006B8033 = {
						CreatedOnToolsVersion = 12.0.1;
						TestTargetID = DCC7FE2C2535069B006B8033;
					};
					DCC7FE4D253506A3006B8033 = {
						CreatedOnToolsVersion = 12.0.1;
						TestTargetID = DCC7FE2C2535069B006B8033;
					};
				};
			};
			buildConfigurationList = DCC7FE282535069B006B8033 /* Build configuration list for PBXProject "parstagram" */;
			compatibilityVersion = "Xcode 9.3";
			developmentRegion = en;
			hasScannedForEncodings = 0;
			knownRegions = (
				en,
				Base,
			);
			mainGroup = DCC7FE242535069B006B8033;
			productRefGroup = DCC7FE2E2535069B006B8033 /* Products */;
			projectDirPath = "";
			projectRoot = "";
			targets = (
				DCC7FE2C2535069B006B8033 /* parstagram */,
				DCC7FE42253506A2006B8033 /* parstagramTests */,
				DCC7FE4D253506A3006B8033 /* parstagramUITests */,
			);
		};
/* End PBXProject section */

/* Begin PBXResourcesBuildPhase section */
		DCC7FE2B2535069B006B8033 /* Resources */ = {
			isa = PBXResourcesBuildPhase;
			buildActionMask = 2147483647;
			files = (
				DCC7FE3D253506A1006B8033 /* LaunchScreen.storyboard in Resources */,
				DCC7FE3A253506A1006B8033 /* Assets.xcassets in Resources */,
				DCC7FE382535069B006B8033 /* Main.storyboard in Resources */,
			);
			runOnlyForDeploymentPostprocessing = 0;
		};
		DCC7FE41253506A2006B8033 /* Resources */ = {
			isa = PBXResourcesBuildPhase;
			buildActionMask = 2147483647;
			files = (
			);
			runOnlyForDeploymentPostprocessing = 0;
		};
		DCC7FE4C253506A3006B8033 /* Resources */ = {
			isa = PBXResourcesBuildPhase;
			buildActionMask = 2147483647;
			files = (
			);
			runOnlyForDeploymentPostprocessing = 0;
		};
/* End PBXResourcesBuildPhase section */

/* Begin PBXShellScriptBuildPhase section */
		13C2C2852CD82BE758D03BB3 /* [CP] Embed Pods Frameworks */ = {
			isa = PBXShellScriptBuildPhase;
			buildActionMask = 2147483647;
			files = (
			);
			inputFileListPaths = (
				"${PODS_ROOT}/Target Support Files/Pods-parstagram/Pods-parstagram-frameworks-${CONFIGURATION}-input-files.xcfilelist",
			);
			name = "[CP] Embed Pods Frameworks";
			outputFileListPaths = (
				"${PODS_ROOT}/Target Support Files/Pods-parstagram/Pods-parstagram-frameworks-${CONFIGURATION}-output-files.xcfilelist",
			);
			runOnlyForDeploymentPostprocessing = 0;
			shellPath = /bin/sh;
			shellScript = "\"${PODS_ROOT}/Target Support Files/Pods-parstagram/Pods-parstagram-frameworks.sh\"\n";
			showEnvVarsInLog = 0;
		};
		279B0101AB9FC41840C28FBC /* [CP] Check Pods Manifest.lock */ = {
			isa = PBXShellScriptBuildPhase;
			buildActionMask = 2147483647;
			files = (
			);
			inputFileListPaths = (
			);
			inputPaths = (
				"${PODS_PODFILE_DIR_PATH}/Podfile.lock",
				"${PODS_ROOT}/Manifest.lock",
			);
			name = "[CP] Check Pods Manifest.lock";
			outputFileListPaths = (
			);
			outputPaths = (
				"$(DERIVED_FILE_DIR)/Pods-parstagram-parstagramUITests-checkManifestLockResult.txt",
			);
			runOnlyForDeploymentPostprocessing = 0;
			shellPath = /bin/sh;
			shellScript = "diff \"${PODS_PODFILE_DIR_PATH}/Podfile.lock\" \"${PODS_ROOT}/Manifest.lock\" > /dev/null\nif [ $? != 0 ] ; then\n    # print error to STDERR\n    echo \"error: The sandbox is not in sync with the Podfile.lock. Run 'pod install' or update your CocoaPods installation.\" >&2\n    exit 1\nfi\n# This output is used by Xcode 'outputs' to avoid re-running this script phase.\necho \"SUCCESS\" > \"${SCRIPT_OUTPUT_FILE_0}\"\n";
			showEnvVarsInLog = 0;
		};
		31ECD5C16B914FFC29D348F4 /* [CP] Check Pods Manifest.lock */ = {
			isa = PBXShellScriptBuildPhase;
			buildActionMask = 2147483647;
			files = (
			);
			inputFileListPaths = (
			);
			inputPaths = (
				"${PODS_PODFILE_DIR_PATH}/Podfile.lock",
				"${PODS_ROOT}/Manifest.lock",
			);
			name = "[CP] Check Pods Manifest.lock";
			outputFileListPaths = (
			);
			outputPaths = (
				"$(DERIVED_FILE_DIR)/Pods-parstagram-checkManifestLockResult.txt",
			);
			runOnlyForDeploymentPostprocessing = 0;
			shellPath = /bin/sh;
			shellScript = "diff \"${PODS_PODFILE_DIR_PATH}/Podfile.lock\" \"${PODS_ROOT}/Manifest.lock\" > /dev/null\nif [ $? != 0 ] ; then\n    # print error to STDERR\n    echo \"error: The sandbox is not in sync with the Podfile.lock. Run 'pod install' or update your CocoaPods installation.\" >&2\n    exit 1\nfi\n# This output is used by Xcode 'outputs' to avoid re-running this script phase.\necho \"SUCCESS\" > \"${SCRIPT_OUTPUT_FILE_0}\"\n";
			showEnvVarsInLog = 0;
		};
		A926B0FBCEB9F8EC2CF25C71 /* [CP] Check Pods Manifest.lock */ = {
			isa = PBXShellScriptBuildPhase;
			buildActionMask = 2147483647;
			files = (
			);
			inputFileListPaths = (
			);
			inputPaths = (
				"${PODS_PODFILE_DIR_PATH}/Podfile.lock",
				"${PODS_ROOT}/Manifest.lock",
			);
			name = "[CP] Check Pods Manifest.lock";
			outputFileListPaths = (
			);
			outputPaths = (
				"$(DERIVED_FILE_DIR)/Pods-parstagramTests-checkManifestLockResult.txt",
			);
			runOnlyForDeploymentPostprocessing = 0;
			shellPath = /bin/sh;
			shellScript = "diff \"${PODS_PODFILE_DIR_PATH}/Podfile.lock\" \"${PODS_ROOT}/Manifest.lock\" > /dev/null\nif [ $? != 0 ] ; then\n    # print error to STDERR\n    echo \"error: The sandbox is not in sync with the Podfile.lock. Run 'pod install' or update your CocoaPods installation.\" >&2\n    exit 1\nfi\n# This output is used by Xcode 'outputs' to avoid re-running this script phase.\necho \"SUCCESS\" > \"${SCRIPT_OUTPUT_FILE_0}\"\n";
			showEnvVarsInLog = 0;
		};
		AF24C7ACA52C2241CF5C171B /* [CP] Embed Pods Frameworks */ = {
			isa = PBXShellScriptBuildPhase;
			buildActionMask = 2147483647;
			files = (
			);
			inputFileListPaths = (
				"${PODS_ROOT}/Target Support Files/Pods-parstagram-parstagramUITests/Pods-parstagram-parstagramUITests-frameworks-${CONFIGURATION}-input-files.xcfilelist",
			);
			name = "[CP] Embed Pods Frameworks";
			outputFileListPaths = (
				"${PODS_ROOT}/Target Support Files/Pods-parstagram-parstagramUITests/Pods-parstagram-parstagramUITests-frameworks-${CONFIGURATION}-output-files.xcfilelist",
			);
			runOnlyForDeploymentPostprocessing = 0;
			shellPath = /bin/sh;
			shellScript = "\"${PODS_ROOT}/Target Support Files/Pods-parstagram-parstagramUITests/Pods-parstagram-parstagramUITests-frameworks.sh\"\n";
			showEnvVarsInLog = 0;
		};
/* End PBXShellScriptBuildPhase section */

/* Begin PBXSourcesBuildPhase section */
		DCC7FE292535069B006B8033 /* Sources */ = {
			isa = PBXSourcesBuildPhase;
			buildActionMask = 2147483647;
			files = (
				DCC7FE6D25350C96006B8033 /* LoginViewController.swift in Sources */,
				DCC7FE7A2535540C006B8033 /* CameraViewController.swift in Sources */,
				DCC7FE312535069B006B8033 /* AppDelegate.swift in Sources */,
				DCC7FE7525350CA5006B8033 /* FeedViewController.swift in Sources */,
				DCC7FE332535069B006B8033 /* SceneDelegate.swift in Sources */,
			);
			runOnlyForDeploymentPostprocessing = 0;
		};
		DCC7FE3F253506A2006B8033 /* Sources */ = {
			isa = PBXSourcesBuildPhase;
			buildActionMask = 2147483647;
			files = (
				DCC7FE48253506A2006B8033 /* parstagramTests.swift in Sources */,
			);
			runOnlyForDeploymentPostprocessing = 0;
		};
		DCC7FE4A253506A3006B8033 /* Sources */ = {
			isa = PBXSourcesBuildPhase;
			buildActionMask = 2147483647;
			files = (
				DCC7FE53253506A3006B8033 /* parstagramUITests.swift in Sources */,
			);
			runOnlyForDeploymentPostprocessing = 0;
		};
/* End PBXSourcesBuildPhase section */

/* Begin PBXTargetDependency section */
		DCC7FE45253506A2006B8033 /* PBXTargetDependency */ = {
			isa = PBXTargetDependency;
			target = DCC7FE2C2535069B006B8033 /* parstagram */;
			targetProxy = DCC7FE44253506A2006B8033 /* PBXContainerItemProxy */;
		};
		DCC7FE50253506A3006B8033 /* PBXTargetDependency */ = {
			isa = PBXTargetDependency;
			target = DCC7FE2C2535069B006B8033 /* parstagram */;
			targetProxy = DCC7FE4F253506A3006B8033 /* PBXContainerItemProxy */;
		};
/* End PBXTargetDependency section */

/* Begin PBXVariantGroup section */
		DCC7FE362535069B006B8033 /* Main.storyboard */ = {
			isa = PBXVariantGroup;
			children = (
				DCC7FE372535069B006B8033 /* Base */,
			);
			name = Main.storyboard;
			sourceTree = "<group>";
		};
		DCC7FE3B253506A1006B8033 /* LaunchScreen.storyboard */ = {
			isa = PBXVariantGroup;
			children = (
				DCC7FE3C253506A1006B8033 /* Base */,
			);
			name = LaunchScreen.storyboard;
			sourceTree = "<group>";
		};
/* End PBXVariantGroup section */

/* Begin XCBuildConfiguration section */
		DCC7FE55253506A3006B8033 /* Debug */ = {
			isa = XCBuildConfiguration;
			buildSettings = {
				ALWAYS_SEARCH_USER_PATHS = NO;
				CLANG_ANALYZER_NONNULL = YES;
				CLANG_ANALYZER_NUMBER_OBJECT_CONVERSION = YES_AGGRESSIVE;
				CLANG_CXX_LANGUAGE_STANDARD = "gnu++14";
				CLANG_CXX_LIBRARY = "libc++";
				CLANG_ENABLE_MODULES = YES;
				CLANG_ENABLE_OBJC_ARC = YES;
				CLANG_ENABLE_OBJC_WEAK = YES;
				CLANG_WARN_BLOCK_CAPTURE_AUTORELEASING = YES;
				CLANG_WARN_BOOL_CONVERSION = YES;
				CLANG_WARN_COMMA = YES;
				CLANG_WARN_CONSTANT_CONVERSION = YES;
				CLANG_WARN_DEPRECATED_OBJC_IMPLEMENTATIONS = YES;
				CLANG_WARN_DIRECT_OBJC_ISA_USAGE = YES_ERROR;
				CLANG_WARN_DOCUMENTATION_COMMENTS = YES;
				CLANG_WARN_EMPTY_BODY = YES;
				CLANG_WARN_ENUM_CONVERSION = YES;
				CLANG_WARN_INFINITE_RECURSION = YES;
				CLANG_WARN_INT_CONVERSION = YES;
				CLANG_WARN_NON_LITERAL_NULL_CONVERSION = YES;
				CLANG_WARN_OBJC_IMPLICIT_RETAIN_SELF = YES;
				CLANG_WARN_OBJC_LITERAL_CONVERSION = YES;
				CLANG_WARN_OBJC_ROOT_CLASS = YES_ERROR;
				CLANG_WARN_QUOTED_INCLUDE_IN_FRAMEWORK_HEADER = YES;
				CLANG_WARN_RANGE_LOOP_ANALYSIS = YES;
				CLANG_WARN_STRICT_PROTOTYPES = YES;
				CLANG_WARN_SUSPICIOUS_MOVE = YES;
				CLANG_WARN_UNGUARDED_AVAILABILITY = YES_AGGRESSIVE;
				CLANG_WARN_UNREACHABLE_CODE = YES;
				CLANG_WARN__DUPLICATE_METHOD_MATCH = YES;
				COPY_PHASE_STRIP = NO;
				DEBUG_INFORMATION_FORMAT = dwarf;
				ENABLE_STRICT_OBJC_MSGSEND = YES;
				ENABLE_TESTABILITY = YES;
				GCC_C_LANGUAGE_STANDARD = gnu11;
				GCC_DYNAMIC_NO_PIC = NO;
				GCC_NO_COMMON_BLOCKS = YES;
				GCC_OPTIMIZATION_LEVEL = 0;
				GCC_PREPROCESSOR_DEFINITIONS = (
					"DEBUG=1",
					"$(inherited)",
				);
				GCC_WARN_64_TO_32_BIT_CONVERSION = YES;
				GCC_WARN_ABOUT_RETURN_TYPE = YES_ERROR;
				GCC_WARN_UNDECLARED_SELECTOR = YES;
				GCC_WARN_UNINITIALIZED_AUTOS = YES_AGGRESSIVE;
				GCC_WARN_UNUSED_FUNCTION = YES;
				GCC_WARN_UNUSED_VARIABLE = YES;
				IPHONEOS_DEPLOYMENT_TARGET = 14.0;
				MTL_ENABLE_DEBUG_INFO = INCLUDE_SOURCE;
				MTL_FAST_MATH = YES;
				ONLY_ACTIVE_ARCH = YES;
				SDKROOT = iphoneos;
				SWIFT_ACTIVE_COMPILATION_CONDITIONS = DEBUG;
				SWIFT_OPTIMIZATION_LEVEL = "-Onone";
			};
			name = Debug;
		};
		DCC7FE56253506A3006B8033 /* Release */ = {
			isa = XCBuildConfiguration;
			buildSettings = {
				ALWAYS_SEARCH_USER_PATHS = NO;
				CLANG_ANALYZER_NONNULL = YES;
				CLANG_ANALYZER_NUMBER_OBJECT_CONVERSION = YES_AGGRESSIVE;
				CLANG_CXX_LANGUAGE_STANDARD = "gnu++14";
				CLANG_CXX_LIBRARY = "libc++";
				CLANG_ENABLE_MODULES = YES;
				CLANG_ENABLE_OBJC_ARC = YES;
				CLANG_ENABLE_OBJC_WEAK = YES;
				CLANG_WARN_BLOCK_CAPTURE_AUTORELEASING = YES;
				CLANG_WARN_BOOL_CONVERSION = YES;
				CLANG_WARN_COMMA = YES;
				CLANG_WARN_CONSTANT_CONVERSION = YES;
				CLANG_WARN_DEPRECATED_OBJC_IMPLEMENTATIONS = YES;
				CLANG_WARN_DIRECT_OBJC_ISA_USAGE = YES_ERROR;
				CLANG_WARN_DOCUMENTATION_COMMENTS = YES;
				CLANG_WARN_EMPTY_BODY = YES;
				CLANG_WARN_ENUM_CONVERSION = YES;
				CLANG_WARN_INFINITE_RECURSION = YES;
				CLANG_WARN_INT_CONVERSION = YES;
				CLANG_WARN_NON_LITERAL_NULL_CONVERSION = YES;
				CLANG_WARN_OBJC_IMPLICIT_RETAIN_SELF = YES;
				CLANG_WARN_OBJC_LITERAL_CONVERSION = YES;
				CLANG_WARN_OBJC_ROOT_CLASS = YES_ERROR;
				CLANG_WARN_QUOTED_INCLUDE_IN_FRAMEWORK_HEADER = YES;
				CLANG_WARN_RANGE_LOOP_ANALYSIS = YES;
				CLANG_WARN_STRICT_PROTOTYPES = YES;
				CLANG_WARN_SUSPICIOUS_MOVE = YES;
				CLANG_WARN_UNGUARDED_AVAILABILITY = YES_AGGRESSIVE;
				CLANG_WARN_UNREACHABLE_CODE = YES;
				CLANG_WARN__DUPLICATE_METHOD_MATCH = YES;
				COPY_PHASE_STRIP = NO;
				DEBUG_INFORMATION_FORMAT = "dwarf-with-dsym";
				ENABLE_NS_ASSERTIONS = NO;
				ENABLE_STRICT_OBJC_MSGSEND = YES;
				GCC_C_LANGUAGE_STANDARD = gnu11;
				GCC_NO_COMMON_BLOCKS = YES;
				GCC_WARN_64_TO_32_BIT_CONVERSION = YES;
				GCC_WARN_ABOUT_RETURN_TYPE = YES_ERROR;
				GCC_WARN_UNDECLARED_SELECTOR = YES;
				GCC_WARN_UNINITIALIZED_AUTOS = YES_AGGRESSIVE;
				GCC_WARN_UNUSED_FUNCTION = YES;
				GCC_WARN_UNUSED_VARIABLE = YES;
				IPHONEOS_DEPLOYMENT_TARGET = 14.0;
				MTL_ENABLE_DEBUG_INFO = NO;
				MTL_FAST_MATH = YES;
				SDKROOT = iphoneos;
				SWIFT_COMPILATION_MODE = wholemodule;
				SWIFT_OPTIMIZATION_LEVEL = "-O";
				VALIDATE_PRODUCT = YES;
			};
			name = Release;
		};
		DCC7FE58253506A3006B8033 /* Debug */ = {
			isa = XCBuildConfiguration;
			baseConfigurationReference = E5BC7CCEC203676A5984C14A /* Pods-parstagram.debug.xcconfig */;
			buildSettings = {
				ASSETCATALOG_COMPILER_APPICON_NAME = AppIcon;
				ASSETCATALOG_COMPILER_GLOBAL_ACCENT_COLOR_NAME = AccentColor;
				CODE_SIGN_STYLE = Automatic;
				INFOPLIST_FILE = parstagram/Info.plist;
				LD_RUNPATH_SEARCH_PATHS = (
					"$(inherited)",
					"@executable_path/Frameworks",
				);
				PRODUCT_BUNDLE_IDENTIFIER = codepath.parstagram;
				PRODUCT_NAME = "$(TARGET_NAME)";
				SWIFT_VERSION = 5.0;
				TARGETED_DEVICE_FAMILY = "1,2";
			};
			name = Debug;
		};
		DCC7FE59253506A3006B8033 /* Release */ = {
			isa = XCBuildConfiguration;
			baseConfigurationReference = 6554A8477A9885BF37B7EB25 /* Pods-parstagram.release.xcconfig */;
			buildSettings = {
				ASSETCATALOG_COMPILER_APPICON_NAME = AppIcon;
				ASSETCATALOG_COMPILER_GLOBAL_ACCENT_COLOR_NAME = AccentColor;
				CODE_SIGN_STYLE = Automatic;
				INFOPLIST_FILE = parstagram/Info.plist;
				LD_RUNPATH_SEARCH_PATHS = (
					"$(inherited)",
					"@executable_path/Frameworks",
				);
				PRODUCT_BUNDLE_IDENTIFIER = codepath.parstagram;
				PRODUCT_NAME = "$(TARGET_NAME)";
				SWIFT_VERSION = 5.0;
				TARGETED_DEVICE_FAMILY = "1,2";
			};
			name = Release;
		};
		DCC7FE5B253506A3006B8033 /* Debug */ = {
			isa = XCBuildConfiguration;
			baseConfigurationReference = F3D88BCBB596CCAAC461AB0B /* Pods-parstagramTests.debug.xcconfig */;
			buildSettings = {
				ALWAYS_EMBED_SWIFT_STANDARD_LIBRARIES = YES;
				BUNDLE_LOADER = "$(TEST_HOST)";
				CODE_SIGN_STYLE = Automatic;
				INFOPLIST_FILE = parstagramTests/Info.plist;
				IPHONEOS_DEPLOYMENT_TARGET = 14.0;
				LD_RUNPATH_SEARCH_PATHS = (
					"$(inherited)",
					"@executable_path/Frameworks",
					"@loader_path/Frameworks",
				);
				PRODUCT_BUNDLE_IDENTIFIER = codepath.parstagramTests;
				PRODUCT_NAME = "$(TARGET_NAME)";
				SWIFT_VERSION = 5.0;
				TARGETED_DEVICE_FAMILY = "1,2";
				TEST_HOST = "$(BUILT_PRODUCTS_DIR)/parstagram.app/parstagram";
			};
			name = Debug;
		};
		DCC7FE5C253506A3006B8033 /* Release */ = {
			isa = XCBuildConfiguration;
			baseConfigurationReference = 475D1A2EAC23F05F0A077A1B /* Pods-parstagramTests.release.xcconfig */;
			buildSettings = {
				ALWAYS_EMBED_SWIFT_STANDARD_LIBRARIES = YES;
				BUNDLE_LOADER = "$(TEST_HOST)";
				CODE_SIGN_STYLE = Automatic;
				INFOPLIST_FILE = parstagramTests/Info.plist;
				IPHONEOS_DEPLOYMENT_TARGET = 14.0;
				LD_RUNPATH_SEARCH_PATHS = (
					"$(inherited)",
					"@executable_path/Frameworks",
					"@loader_path/Frameworks",
				);
				PRODUCT_BUNDLE_IDENTIFIER = codepath.parstagramTests;
				PRODUCT_NAME = "$(TARGET_NAME)";
				SWIFT_VERSION = 5.0;
				TARGETED_DEVICE_FAMILY = "1,2";
				TEST_HOST = "$(BUILT_PRODUCTS_DIR)/parstagram.app/parstagram";
			};
			name = Release;
		};
		DCC7FE5E253506A3006B8033 /* Debug */ = {
			isa = XCBuildConfiguration;
			baseConfigurationReference = 3534F7010F966564E943DF6F /* Pods-parstagram-parstagramUITests.debug.xcconfig */;
			buildSettings = {
				ALWAYS_EMBED_SWIFT_STANDARD_LIBRARIES = YES;
				CODE_SIGN_STYLE = Automatic;
				INFOPLIST_FILE = parstagramUITests/Info.plist;
				LD_RUNPATH_SEARCH_PATHS = (
					"$(inherited)",
					"@executable_path/Frameworks",
					"@loader_path/Frameworks",
				);
				PRODUCT_BUNDLE_IDENTIFIER = codepath.parstagramUITests;
				PRODUCT_NAME = "$(TARGET_NAME)";
				SWIFT_VERSION = 5.0;
				TARGETED_DEVICE_FAMILY = "1,2";
				TEST_TARGET_NAME = parstagram;
			};
			name = Debug;
		};
		DCC7FE5F253506A3006B8033 /* Release */ = {
			isa = XCBuildConfiguration;
			baseConfigurationReference = E3F0418722BD85F4EDC8DC63 /* Pods-parstagram-parstagramUITests.release.xcconfig */;
			buildSettings = {
				ALWAYS_EMBED_SWIFT_STANDARD_LIBRARIES = YES;
				CODE_SIGN_STYLE = Automatic;
				INFOPLIST_FILE = parstagramUITests/Info.plist;
				LD_RUNPATH_SEARCH_PATHS = (
					"$(inherited)",
					"@executable_path/Frameworks",
					"@loader_path/Frameworks",
				);
				PRODUCT_BUNDLE_IDENTIFIER = codepath.parstagramUITests;
				PRODUCT_NAME = "$(TARGET_NAME)";
				SWIFT_VERSION = 5.0;
				TARGETED_DEVICE_FAMILY = "1,2";
				TEST_TARGET_NAME = parstagram;
			};
			name = Release;
		};
/* End XCBuildConfiguration section */

/* Begin XCConfigurationList section */
		DCC7FE282535069B006B8033 /* Build configuration list for PBXProject "parstagram" */ = {
			isa = XCConfigurationList;
			buildConfigurations = (
				DCC7FE55253506A3006B8033 /* Debug */,
				DCC7FE56253506A3006B8033 /* Release */,
			);
			defaultConfigurationIsVisible = 0;
			defaultConfigurationName = Release;
		};
		DCC7FE57253506A3006B8033 /* Build configuration list for PBXNativeTarget "parstagram" */ = {
			isa = XCConfigurationList;
			buildConfigurations = (
				DCC7FE58253506A3006B8033 /* Debug */,
				DCC7FE59253506A3006B8033 /* Release */,
			);
			defaultConfigurationIsVisible = 0;
			defaultConfigurationName = Release;
		};
		DCC7FE5A253506A3006B8033 /* Build configuration list for PBXNativeTarget "parstagramTests" */ = {
			isa = XCConfigurationList;
			buildConfigurations = (
				DCC7FE5B253506A3006B8033 /* Debug */,
				DCC7FE5C253506A3006B8033 /* Release */,
			);
			defaultConfigurationIsVisible = 0;
			defaultConfigurationName = Release;
		};
		DCC7FE5D253506A3006B8033 /* Build configuration list for PBXNativeTarget "parstagramUITests" */ = {
			isa = XCConfigurationList;
			buildConfigurations = (
				DCC7FE5E253506A3006B8033 /* Debug */,
				DCC7FE5F253506A3006B8033 /* Release */,
			);
			defaultConfigurationIsVisible = 0;
			defaultConfigurationName = Release;
		};
/* End XCConfigurationList section */
	};
	rootObject = DCC7FE252535069B006B8033 /* Project object */;
}
